# @generated by Move, please check-in and do not edit manually.

[move]
version = 0
manifest_digest = "78D0A4DCC226DC993AE1E54F071AE59DA7DF78CCFC8FF06012A9F21B18FE0D88"
deps_digest = "060AD7E57DFB13104F21BE5F5C3759D03F0553FC3229247D9A7A6B45F50D03A3"

dependencies = [
  { name = "CLAMM" },
  { name = "Sui" },
  { name = "SuiTears" },
]

[[move.package]]
name = "CLAMM"
source = { local = "../interest/clamm" }

dependencies = [
  { name = "Sui" },
  { name = "SuiTears" },
]

[[move.package]]
name = "MoveStdlib"
source = { git = "https://github.com/MystenLabs/sui.git", rev = "mainnet-v1.22.0", subdir = "crates/sui-framework/packages/move-stdlib" }

[[move.package]]
name = "Sui"
source = { git = "https://github.com/MystenLabs/sui.git", rev = "mainnet-v1.22.0", subdir = "crates/sui-framework/packages/sui-framework" }

dependencies = [
  { name = "MoveStdlib" },
]

[[move.package]]
name = "SuiTears"
source = { local = "../interest/suitears" }

dependencies = [
  { name = "Sui" },
]
