# @generated by Move, please check-in and do not edit manually.

[move]
version = 0
manifest_digest = "DFEC00F78573B866DC8EAFF0E4F8D38BA45EDB0A274F617445CD588406E60026"
deps_digest = "3C4103934B1E040BB6B23F1D610B4EF9F2F1166A50A104EADCF77467C004C600"

dependencies = [
  { name = "Sui" },
  { name = "TurbosCLMM" },
]

[[move.package]]
name = "MoveStdlib"
source = { git = "https://github.com/MystenLabs/sui.git", rev = "mainnet-v1.19.1", subdir = "crates/sui-framework/packages/move-stdlib" }

[[move.package]]
name = "Sui"
source = { git = "https://github.com/MystenLabs/sui.git", rev = "mainnet-v1.19.1", subdir = "crates/sui-framework/packages/sui-framework" }

dependencies = [
  { name = "MoveStdlib" },
]

[[move.package]]
name = "TurbosCLMM"
source = { local = "../protocols/turbos" }

dependencies = [
  { name = "Sui" },
]

[move.toolchain-version]
compiler-version = "1.21.1"
edition = "legacy"
flavor = "sui"
